{
    "_readme": [
        "This file locks the dependencies of your project to a known state",
        "Read more about it at http://getcomposer.org/doc/01-basic-usage.md#composer-lock-the-lock-file"
    ],
    "hash": "555b611c7c64b18b09d324eb57f21a31",
    "packages": [
        {
            "name": "zendframework/zend-code",
            "version": "2.3.0",
            "target-dir": "Zend/Code",
            "source": {
                "type": "git",
                "url": "https://github.com/zendframework/Component_ZendCode.git",
                "reference": "7eb108341ff6c9ec240764a11270f2d12934b733"
            },
            "dist": {
                "type": "zip",
                "url": "https://api.github.com/repos/zendframework/Component_ZendCode/zipball/7eb108341ff6c9ec240764a11270f2d12934b733",
                "reference": "7eb108341ff6c9ec240764a11270f2d12934b733",
                "shasum": ""
            },
            "require": {
                "php": ">=5.3.23",
                "zendframework/zend-eventmanager": "self.version"
            },
            "require-dev": {
                "doctrine/common": ">=2.1",
                "zendframework/zend-stdlib": "self.version"
            },
            "suggest": {
                "doctrine/common": "Doctrine\\Common >=2.1 for annotation features",
                "zendframework/zend-stdlib": "Zend\\Stdlib component"
            },
            "type": "library",
            "extra": {
                "branch-alias": {
                    "dev-master": "2.2-dev",
                    "dev-develop": "2.3-dev"
                }
            },
            "autoload": {
                "psr-0": {
                    "Zend\\Code\\": ""
                }
            },
            "notification-url": "https://packagist.org/downloads/",
            "license": [
                "BSD-3-Clause"
            ],
            "description": "provides facilities to generate arbitrary code using an object oriented interface",
            "keywords": [
                "code",
                "zf2"
            ],
            "time": "2014-03-14 16:20:47"
        },
        {
            "name": "zendframework/zend-escaper",
            "version": "2.3.0",
            "target-dir": "Zend/Escaper",
            "source": {
                "type": "git",
                "url": "https://github.com/zendframework/Component_ZendEscaper.git",
                "reference": "ec2614db2ea860c5765a0adba687eacb365ad355"
            },
            "dist": {
                "type": "zip",
                "url": "https://api.github.com/repos/zendframework/Component_ZendEscaper/zipball/ec2614db2ea860c5765a0adba687eacb365ad355",
                "reference": "ec2614db2ea860c5765a0adba687eacb365ad355",
                "shasum": ""
            },
            "require": {
                "php": ">=5.3.23"
            },
            "type": "library",
            "extra": {
                "branch-alias": {
                    "dev-master": "2.2-dev",
                    "dev-develop": "2.3-dev"
                }
            },
            "autoload": {
                "psr-0": {
                    "Zend\\Escaper\\": ""
                }
            },
            "notification-url": "https://packagist.org/downloads/",
            "license": [
                "BSD-3-Clause"
            ],
            "keywords": [
                "escaper",
                "zf2"
            ],
            "time": "2014-03-14 16:21:02"
        },
        {
            "name": "zendframework/zend-eventmanager",
            "version": "2.3.0",
            "target-dir": "Zend/EventManager",
            "source": {
                "type": "git",
                "url": "https://github.com/zendframework/Component_ZendEventManager.git",
                "reference": "048164ee81854942667ffdda3030ce06caa79bb5"
            },
            "dist": {
                "type": "zip",
                "url": "https://api.github.com/repos/zendframework/Component_ZendEventManager/zipball/048164ee81854942667ffdda3030ce06caa79bb5",
                "reference": "048164ee81854942667ffdda3030ce06caa79bb5",
                "shasum": ""
            },
            "require": {
                "php": ">=5.3.23",
                "zendframework/zend-stdlib": "self.version"
            },
            "type": "library",
            "extra": {
                "branch-alias": {
                    "dev-master": "2.2-dev",
                    "dev-develop": "2.3-dev"
                }
            },
            "autoload": {
                "psr-0": {
                    "Zend\\EventManager\\": ""
                }
            },
            "notification-url": "https://packagist.org/downloads/",
            "license": [
                "BSD-3-Clause"
            ],
            "keywords": [
                "eventmanager",
                "zf2"
            ],
            "time": "2014-03-14 16:21:05"
        },
        {
            "name": "zendframework/zend-http",
            "version": "2.3.0",
            "target-dir": "Zend/Http",
            "source": {
                "type": "git",
                "url": "https://github.com/zendframework/Component_ZendHttp.git",
                "reference": "6d4314b1e3309071f3ab958186911296d70fe5fe"
            },
            "dist": {
                "type": "zip",
                "url": "https://api.github.com/repos/zendframework/Component_ZendHttp/zipball/6d4314b1e3309071f3ab958186911296d70fe5fe",
                "reference": "6d4314b1e3309071f3ab958186911296d70fe5fe",
                "shasum": ""
            },
            "require": {
                "php": ">=5.3.23",
                "zendframework/zend-loader": "self.version",
                "zendframework/zend-stdlib": "self.version",
                "zendframework/zend-uri": "self.version",
                "zendframework/zend-validator": "self.version"
            },
            "type": "library",
            "extra": {
                "branch-alias": {
                    "dev-master": "2.2-dev",
                    "dev-develop": "2.3-dev"
                }
            },
            "autoload": {
                "psr-0": {
                    "Zend\\Http\\": ""
                }
            },
            "notification-url": "https://packagist.org/downloads/",
            "license": [
                "BSD-3-Clause"
            ],
            "description": "provides an easy interface for performing Hyper-Text Transfer Protocol (HTTP) requests",
            "keywords": [
                "http",
                "zf2"
            ],
            "time": "2014-03-14 16:21:21"
        },
        {
            "name": "zendframework/zend-loader",
            "version": "2.3.0",
            "target-dir": "Zend/Loader",
            "source": {
                "type": "git",
                "url": "https://github.com/zendframework/Component_ZendLoader.git",
                "reference": "517f39de5c547d438556e86c270b384c9dee5b18"
            },
            "dist": {
                "type": "zip",
                "url": "https://api.github.com/repos/zendframework/Component_ZendLoader/zipball/517f39de5c547d438556e86c270b384c9dee5b18",
                "reference": "517f39de5c547d438556e86c270b384c9dee5b18",
                "shasum": ""
            },
            "require": {
                "php": ">=5.3.23"
            },
            "type": "library",
            "extra": {
                "branch-alias": {
                    "dev-master": "2.2-dev",
                    "dev-develop": "2.3-dev"
                }
            },
            "autoload": {
                "psr-0": {
                    "Zend\\Loader\\": ""
                }
            },
            "notification-url": "https://packagist.org/downloads/",
            "license": [
                "BSD-3-Clause"
            ],
            "keywords": [
                "loader",
                "zf2"
            ],
            "time": "2014-03-14 16:21:32"
        },
        {
            "name": "zendframework/zend-math",
            "version": "2.3.0",
            "target-dir": "Zend/Math",
            "source": {
                "type": "git",
                "url": "https://github.com/zendframework/Component_ZendMath.git",
                "reference": "156c107436b43c9bc8679adf6b7af08cf6bd10ce"
            },
            "dist": {
                "type": "zip",
                "url": "https://api.github.com/repos/zendframework/Component_ZendMath/zipball/156c107436b43c9bc8679adf6b7af08cf6bd10ce",
                "reference": "156c107436b43c9bc8679adf6b7af08cf6bd10ce",
                "shasum": ""
            },
            "require": {
                "php": ">=5.3.23"
            },
            "suggest": {
                "ext-bcmath": "If using the bcmath functionality",
                "ext-gmp": "If using the gmp functionality",
                "ircmaxell/random-lib": "Fallback random byte generator for Zend\\Math\\Rand if OpenSSL/Mcrypt extensions are unavailable",
                "zendframework/zend-servicemanager": ">= current version, if using the BigInteger::factory functionality"
            },
            "type": "library",
            "extra": {
                "branch-alias": {
                    "dev-master": "2.2-dev",
                    "dev-develop": "2.3-dev"
                }
            },
            "autoload": {
                "psr-0": {
                    "Zend\\Math\\": ""
                }
            },
            "notification-url": "https://packagist.org/downloads/",
            "license": [
                "BSD-3-Clause"
            ],
            "keywords": [
                "math",
                "zf2"
            ],
            "time": "2014-03-14 16:21:41"
        },
        {
            "name": "zendframework/zend-server",
            "version": "2.3.0",
            "target-dir": "Zend/Server",
            "source": {
                "type": "git",
                "url": "https://github.com/zendframework/Component_ZendServer.git",
                "reference": "3b6d4e721c436aced6aa5d8361b843c15da99e2d"
            },
            "dist": {
                "type": "zip",
                "url": "https://api.github.com/repos/zendframework/Component_ZendServer/zipball/3b6d4e721c436aced6aa5d8361b843c15da99e2d",
                "reference": "3b6d4e721c436aced6aa5d8361b843c15da99e2d",
                "shasum": ""
            },
            "require": {
                "php": ">=5.3.23",
                "zendframework/zend-code": "self.version",
                "zendframework/zend-stdlib": "self.version"
            },
            "type": "library",
            "extra": {
                "branch-alias": {
                    "dev-master": "2.2-dev",
                    "dev-develop": "2.3-dev"
                }
            },
            "autoload": {
                "psr-0": {
                    "Zend\\Server\\": ""
                }
            },
            "notification-url": "https://packagist.org/downloads/",
            "license": [
                "BSD-3-Clause"
            ],
            "keywords": [
                "server",
                "zf2"
            ],
            "time": "2014-03-14 16:22:11"
        },
        {
            "name": "zendframework/zend-stdlib",
            "version": "2.3.0",
            "target-dir": "Zend/Stdlib",
            "source": {
                "type": "git",
                "url": "https://github.com/zendframework/Component_ZendStdlib.git",
                "reference": "d1c481b8a43f2f079b16d3567960ba539e9dacaa"
            },
            "dist": {
                "type": "zip",
                "url": "https://api.github.com/repos/zendframework/Component_ZendStdlib/zipball/d1c481b8a43f2f079b16d3567960ba539e9dacaa",
                "reference": "d1c481b8a43f2f079b16d3567960ba539e9dacaa",
                "shasum": ""
            },
            "require": {
                "php": ">=5.3.23"
            },
            "require-dev": {
                "zendframework/zend-eventmanager": "self.version",
                "zendframework/zend-serializer": "self.version",
                "zendframework/zend-servicemanager": "self.version"
            },
            "suggest": {
                "zendframework/zend-eventmanager": "To support aggregate hydrator usage",
                "zendframework/zend-serializer": "Zend\\Serializer component",
                "zendframework/zend-servicemanager": "To support hydrator plugin manager usage"
            },
            "type": "library",
            "extra": {
                "branch-alias": {
                    "dev-master": "2.2-dev",
                    "dev-develop": "2.3-dev"
                }
            },
            "autoload": {
                "psr-0": {
                    "Zend\\Stdlib\\": ""
                }
            },
            "notification-url": "https://packagist.org/downloads/",
            "license": [
                "BSD-3-Clause"
            ],
            "keywords": [
                "stdlib",
                "zf2"
            ],
            "time": "2014-03-14 16:22:22"
        },
        {
            "name": "zendframework/zend-uri",
            "version": "2.3.0",
            "target-dir": "Zend/Uri",
            "source": {
                "type": "git",
                "url": "https://github.com/zendframework/Component_ZendUri.git",
                "reference": "83e617b6273625eeb771c8fb3e886a728fd9dfa4"
            },
            "dist": {
                "type": "zip",
                "url": "https://api.github.com/repos/zendframework/Component_ZendUri/zipball/83e617b6273625eeb771c8fb3e886a728fd9dfa4",
                "reference": "83e617b6273625eeb771c8fb3e886a728fd9dfa4",
                "shasum": ""
            },
            "require": {
                "php": ">=5.3.23",
                "zendframework/zend-escaper": "self.version",
                "zendframework/zend-validator": "self.version"
            },
            "type": "library",
            "extra": {
                "branch-alias": {
                    "dev-master": "2.2-dev",
                    "dev-develop": "2.3-dev"
                }
            },
            "autoload": {
                "psr-0": {
                    "Zend\\Uri\\": ""
                }
            },
            "notification-url": "https://packagist.org/downloads/",
            "license": [
                "BSD-3-Clause"
            ],
            "description": "a component that aids in manipulating and validating » Uniform Resource Identifiers (URIs)",
            "keywords": [
                "uri",
                "zf2"
            ],
            "time": "2014-03-14 16:22:34"
        },
        {
            "name": "zendframework/zend-validator",
            "version": "2.3.0",
            "target-dir": "Zend/Validator",
            "source": {
                "type": "git",
                "url": "https://github.com/zendframework/Component_ZendValidator.git",
                "reference": "1d4526a1f7db36d725a3a526d8951c1a6d0d69b3"
            },
            "dist": {
                "type": "zip",
                "url": "https://api.github.com/repos/zendframework/Component_ZendValidator/zipball/1d4526a1f7db36d725a3a526d8951c1a6d0d69b3",
                "reference": "1d4526a1f7db36d725a3a526d8951c1a6d0d69b3",
                "shasum": ""
            },
            "require": {
                "php": ">=5.3.23",
                "zendframework/zend-stdlib": "self.version"
            },
            "require-dev": {
                "zendframework/zend-db": "self.version",
                "zendframework/zend-filter": "self.version",
                "zendframework/zend-i18n": "self.version",
                "zendframework/zend-math": "self.version",
                "zendframework/zend-servicemanager": "self.version",
                "zendframework/zend-session": "self.version",
                "zendframework/zend-uri": "self.version"
            },
            "suggest": {
                "zendframework/zend-db": "Zend\\Db component",
                "zendframework/zend-filter": "Zend\\Filter component, required by the Digits validator",
                "zendframework/zend-i18n": "Zend\\I18n component to allow translation of validation error messages as well as to use the various Date validators",
                "zendframework/zend-math": "Zend\\Math component",
                "zendframework/zend-resources": "Translations of validator messages",
                "zendframework/zend-servicemanager": "Zend\\ServiceManager component to allow using the ValidatorPluginManager and validator chains",
                "zendframework/zend-session": "Zend\\Session component",
                "zendframework/zend-uri": "Zend\\Uri component, required by the Uri and Sitemap\\Loc validators"
            },
            "type": "library",
            "extra": {
                "branch-alias": {
                    "dev-master": "2.2-dev",
                    "dev-develop": "2.3-dev"
                }
            },
            "autoload": {
                "psr-0": {
                    "Zend\\Validator\\": ""
                }
            },
            "notification-url": "https://packagist.org/downloads/",
            "license": [
                "BSD-3-Clause"
            ],
            "description": "provides a set of commonly needed validators",
            "keywords": [
                "validator",
                "zf2"
            ],
            "time": "2014-03-14 16:22:37"
        },
        {
            "name": "zendframework/zend-xmlrpc",
            "version": "2.3.0",
            "target-dir": "Zend/XmlRpc",
            "source": {
                "type": "git",
                "url": "https://github.com/zendframework/Component_ZendXmlRpc.git",
                "reference": "bee121a60f5f9004b764029cfe4a8f431238a3a0"
            },
            "dist": {
                "type": "zip",
                "url": "https://api.github.com/repos/zendframework/Component_ZendXmlRpc/zipball/bee121a60f5f9004b764029cfe4a8f431238a3a0",
                "reference": "bee121a60f5f9004b764029cfe4a8f431238a3a0",
                "shasum": ""
            },
            "require": {
                "php": ">=5.3.23",
                "zendframework/zend-http": "self.version",
                "zendframework/zend-math": "self.version",
                "zendframework/zend-server": "self.version",
                "zendframework/zend-stdlib": "self.version"
            },
            "type": "library",
            "extra": {
                "branch-alias": {
                    "dev-master": "2.2-dev",
                    "dev-develop": "2.3-dev"
                }
            },
            "autoload": {
                "psr-0": {
                    "Zend\\XmlRpc\\": ""
                }
            },
            "notification-url": "https://packagist.org/downloads/",
            "license": [
                "BSD-3-Clause"
            ],
            "keywords": [
                "xmlrpc",
                "zf2"
            ],
            "time": "2014-03-14 16:22:41"
        },
        {
            "name": "zendframework/zendxml",
            "version": "1.0.0",
            "source": {
                "type": "git",
                "url": "https://github.com/zendframework/ZendXml.git",
                "reference": "559b34f426d33a11c3db118e00ce14bb8dc64e5f"
            },
            "dist": {
                "type": "zip",
                "url": "https://api.github.com/repos/zendframework/ZendXml/zipball/559b34f426d33a11c3db118e00ce14bb8dc64e5f",
                "reference": "559b34f426d33a11c3db118e00ce14bb8dc64e5f",
                "shasum": ""
            },
            "require": {
                "php": ">=5.3.3"
            },
            "require-dev": {
                "fabpot/php-cs-fixer": "*@dev",
                "phpunit/phpunit": "~3.7"
            },
            "type": "library",
            "extra": {
                "branch-alias": {
                    "dev-master": "1.0-dev"
                }
            },
            "autoload": {
                "psr-0": {
                    "ZendXml": "library/"
                }
            },
            "notification-url": "https://packagist.org/downloads/",
            "license": [
                "BSD-3-Clause"
            ],
            "description": "Utility library for XML usage, best practices, and security in PHP",
            "homepage": "http://packages.zendframework.com/",
            "keywords": [
                "security",
                "xml",
                "zf2"
            ],
            "time": "2014-03-05 22:25:44"
        }
    ],
    "packages-dev": [

    ],
    "aliases": [

    ],
    "minimum-stability": "stable",
    "stability-flags": [

    ],
    "platform": {
        "php": ">=5.3"
    },
    "platform-dev": [

    ]
}
